
Microsoft Visual Studio Solution File, Format Version 12.00
# Visual Studio Version 17
VisualStudioVersion = 17.13.35931.197
MinimumVisualStudioVersion = 10.0.40219.1
Project("{FAE04EC0-301F-11D3-BF4B-00C04F79EFBC}") = "GabConsoleDemo", "GabConsoleDemo\GabConsoleDemo.csproj", "{FAAC12CA-9282-4377-91FE-C9F495EA4C85}"
EndProject
Global
	GlobalSection(SolutionConfigurationPlatforms) = preSolution
		Debug|Any CPU = Debug|Any CPU
		Release|Any CPU = Release|Any CPU
	EndGlobalSection
	GlobalSection(ProjectConfigurationPlatforms) = postSolution
		{FAAC12CA-9282-4377-91FE-C9F495EA4C85}.Debug|Any CPU.ActiveCfg = Debug|Any CPU
		{FAAC12CA-9282-4377-91FE-C9F495EA4C85}.Debug|Any CPU.Build.0 = Debug|Any CPU
		{FAAC12CA-9282-4377-91FE-C9F495EA4C85}.Release|Any CPU.ActiveCfg = Release|Any CPU
		{FAAC12CA-9282-4377-91FE-C9F495EA4C85}.Release|Any CPU.Build.0 = Release|Any CPU
	EndGlobalSection
	GlobalSection(SolutionProperties) = preSolution
		HideSolutionNode = FALSE
	EndGlobalSection
	GlobalSection(ExtensibilityGlobals) = postSolution
		SolutionGuid = {B86DD32A-9046-4814-AAF1-E5BF2403D477}
	EndGlobalSection
EndGlobal
